
Microsoft Visual Studio Solution File, Format Version 12.00
# Visual Studio Version 17
VisualStudioVersion = 17.12.35527.113 d17.12
MinimumVisualStudioVersion = 10.0.40219.1
Project("{2150E333-8FDC-42A3-9474-1A3956D46DE8}") = "Backend", "Backend", "{3EF33527-B273-475E-9DFA-0118A98C9ADC}"
EndProject
Project("{2150E333-8FDC-42A3-9474-1A3956D46DE8}") = "Frontend", "Frontend", "{99B04DAB-6821-42F8-AB1A-0CBB3642D734}"
EndProject
Project("{54A90642-561A-4BB1-A94E-469ADEE60C69}") = "FashionShop.Frontend", "FashionShop.Frontend\FashionShop.Frontend.esproj", "{074085FE-059E-4F06-83A8-7C5CECE9462B}"
EndProject
Global
	GlobalSection(SolutionConfigurationPlatforms) = preSolution
		Debug|Any CPU = Debug|Any CPU
		Release|Any CPU = Release|Any CPU
	EndGlobalSection
	GlobalSection(ProjectConfigurationPlatforms) = postSolution
		{074085FE-059E-4F06-83A8-7C5CECE9462B}.Debug|Any CPU.ActiveCfg = Debug|Any CPU
		{074085FE-059E-4F06-83A8-7C5CECE9462B}.Debug|Any CPU.Build.0 = Debug|Any CPU
		{074085FE-059E-4F06-83A8-7C5CECE9462B}.Debug|Any CPU.Deploy.0 = Debug|Any CPU
		{074085FE-059E-4F06-83A8-7C5CECE9462B}.Release|Any CPU.ActiveCfg = Release|Any CPU
		{074085FE-059E-4F06-83A8-7C5CECE9462B}.Release|Any CPU.Build.0 = Release|Any CPU
		{074085FE-059E-4F06-83A8-7C5CECE9462B}.Release|Any CPU.Deploy.0 = Release|Any CPU
	EndGlobalSection
	GlobalSection(SolutionProperties) = preSolution
		HideSolutionNode = FALSE
	EndGlobalSection
	GlobalSection(NestedProjects) = preSolution
		{074085FE-059E-4F06-83A8-7C5CECE9462B} = {99B04DAB-6821-42F8-AB1A-0CBB3642D734}
	EndGlobalSection
EndGlobal
